
Microsoft Visual Studio Solution File, Format Version 12.00
# Visual Studio Version 16
VisualStudioVersion = 16.0.30406.217
MinimumVisualStudioVersion = 10.0.40219.1
Project("{FAE04EC0-301F-11D3-BF4B-00C04F79EFBC}") = "A07", "A07\A07.csproj", "{7A8E5B73-C020-4210-9662-30B7A4932086}"
EndProject
Global
	GlobalSection(SolutionConfigurationPlatforms) = preSolution
		Debug|Any CPU = Debug|Any CPU
		Release|Any CPU = Release|Any CPU
	EndGlobalSection
	GlobalSection(ProjectConfigurationPlatforms) = postSolution
		{7A8E5B73-C020-4210-9662-30B7A4932086}.Debug|Any CPU.ActiveCfg = Debug|Any CPU
		{7A8E5B73-C020-4210-9662-30B7A4932086}.Debug|Any CPU.Build.0 = Debug|Any CPU
		{7A8E5B73-C020-4210-9662-30B7A4932086}.Release|Any CPU.ActiveCfg = Release|Any CPU
		{7A8E5B73-C020-4210-9662-30B7A4932086}.Release|Any CPU.Build.0 = Release|Any CPU
	EndGlobalSection
	GlobalSection(SolutionProperties) = preSolution
		HideSolutionNode = FALSE
	EndGlobalSection
	GlobalSection(ExtensibilityGlobals) = postSolution
		SolutionGuid = {92CF0EB7-FBC7-40E1-A54E-FD08C97B6520}
	EndGlobalSection
EndGlobal
