
Microsoft Visual Studio Solution File, Format Version 12.00
# Visual Studio Version 16
VisualStudioVersion = 16.0.30406.217
MinimumVisualStudioVersion = 10.0.40219.1
Project("{FAE04EC0-301F-11D3-BF4B-00C04F79EFBC}") = "A10", "A10\A10.csproj", "{2D18E236-5444-4DC3-83D8-09EF8B664A8D}"
EndProject
Global
	GlobalSection(SolutionConfigurationPlatforms) = preSolution
		Debug|Any CPU = Debug|Any CPU
		Release|Any CPU = Release|Any CPU
	EndGlobalSection
	GlobalSection(ProjectConfigurationPlatforms) = postSolution
		{2D18E236-5444-4DC3-83D8-09EF8B664A8D}.Debug|Any CPU.ActiveCfg = Debug|Any CPU
		{2D18E236-5444-4DC3-83D8-09EF8B664A8D}.Debug|Any CPU.Build.0 = Debug|Any CPU
		{2D18E236-5444-4DC3-83D8-09EF8B664A8D}.Release|Any CPU.ActiveCfg = Release|Any CPU
		{2D18E236-5444-4DC3-83D8-09EF8B664A8D}.Release|Any CPU.Build.0 = Release|Any CPU
	EndGlobalSection
	GlobalSection(SolutionProperties) = preSolution
		HideSolutionNode = FALSE
	EndGlobalSection
	GlobalSection(ExtensibilityGlobals) = postSolution
		SolutionGuid = {7A9C1A8C-4F82-43AA-A8F9-FDB7F6E344BC}
	EndGlobalSection
EndGlobal
