
Microsoft Visual Studio Solution File, Format Version 12.00
# Visual Studio Version 16
VisualStudioVersion = 16.0.30406.217
MinimumVisualStudioVersion = 10.0.40219.1
Project("{FAE04EC0-301F-11D3-BF4B-00C04F79EFBC}") = "A03", "A03\A03.csproj", "{B2003D4C-5832-4086-A94C-B7D478F6EE76}"
EndProject
Global
	GlobalSection(SolutionConfigurationPlatforms) = preSolution
		Debug|Any CPU = Debug|Any CPU
		Release|Any CPU = Release|Any CPU
	EndGlobalSection
	GlobalSection(ProjectConfigurationPlatforms) = postSolution
		{B2003D4C-5832-4086-A94C-B7D478F6EE76}.Debug|Any CPU.ActiveCfg = Debug|Any CPU
		{B2003D4C-5832-4086-A94C-B7D478F6EE76}.Debug|Any CPU.Build.0 = Debug|Any CPU
		{B2003D4C-5832-4086-A94C-B7D478F6EE76}.Release|Any CPU.ActiveCfg = Release|Any CPU
		{B2003D4C-5832-4086-A94C-B7D478F6EE76}.Release|Any CPU.Build.0 = Release|Any CPU
	EndGlobalSection
	GlobalSection(SolutionProperties) = preSolution
		HideSolutionNode = FALSE
	EndGlobalSection
	GlobalSection(ExtensibilityGlobals) = postSolution
		SolutionGuid = {3D89C20E-2B5C-48D3-A031-0509A82BB02A}
	EndGlobalSection
EndGlobal
